
Microsoft Visual Studio Solution File, Format Version 12.00
# Visual Studio Version 17
VisualStudioVersion = 17.6.33829.357
MinimumVisualStudioVersion = 10.0.40219.1
Project("{9A19103F-16F7-4668-BE54-9A1E7A4F7556}") = "Auction.API", "EventSourcingCourse\Auction.API.csproj", "{B8DC05D5-BEF5-4BAE-A0F8-A4341A00A16E}"
EndProject
Project("{9A19103F-16F7-4668-BE54-9A1E7A4F7556}") = "Framework.Domain", "Framework.Domain\Framework.Domain.csproj", "{2A30DF33-2C72-469C-8D48-B22AA6A3FCDA}"
EndProject
Project("{9A19103F-16F7-4668-BE54-9A1E7A4F7556}") = "Framework.Core", "Framework.Core\Framework.Core.csproj", "{3FE36F87-C68B-451A-AD5D-4ECFA5F5CA5B}"
EndProject
Project("{9A19103F-16F7-4668-BE54-9A1E7A4F7556}") = "Framework.EventStore", "Framework.EventStore\Framework.EventStore.csproj", "{25A75F0C-5034-4B77-9D67-74870ADC3533}"
EndProject
Project("{9A19103F-16F7-4668-BE54-9A1E7A4F7556}") = "Framework.Domain.Tests", "Framework.Domain.Tests\Framework.Domain.Tests.csproj", "{BACDA2C5-0A0A-4822-B982-AEDE0E28AF28}"
EndProject
Project("{9A19103F-16F7-4668-BE54-9A1E7A4F7556}") = "Framework.Application", "Framework.Application\Framework.Application.csproj", "{01C1F75E-6A9E-4D82-9F2C-65DB21970ECD}"
EndProject
Project("{9A19103F-16F7-4668-BE54-9A1E7A4F7556}") = "Auction.Domain", "Auction.Domain\Auction.Domain.csproj", "{1E1F17ED-6238-4B93-A409-C405F77EFE04}"
EndProject
Project("{9A19103F-16F7-4668-BE54-9A1E7A4F7556}") = "Auction.Application", "Auction.Application\Auction.Application.csproj", "{B0DF0F13-095A-4338-AC80-A692064AF1A5}"
EndProject
Project("{9A19103F-16F7-4668-BE54-9A1E7A4F7556}") = "Auction.Application.Contracts", "Auctions.Application.Contracts\Auction.Application.Contracts.csproj", "{07745782-6C8E-45F2-A6DD-19BC25D77E76}"
EndProject
Project("{2150E333-8FDC-42A3-9474-1A3956D46DE8}") = "Domain", "Domain", "{77A58607-FB61-49C2-A1A2-0767213B3DC6}"
EndProject
Project("{2150E333-8FDC-42A3-9474-1A3956D46DE8}") = "Application", "Application", "{5DAEEB76-5F8A-4D93-842D-7BC365241658}"
EndProject
Project("{2150E333-8FDC-42A3-9474-1A3956D46DE8}") = "Infrastructure", "Infrastructure", "{DC0B07C5-98CE-492A-B0E7-1A9F4832F593}"
EndProject
Project("{9A19103F-16F7-4668-BE54-9A1E7A4F7556}") = "Auction.Infrastructure.Persistence.ES", "Auction.Infrastructure.Persistence.ES\Auction.Infrastructure.Persistence.ES.csproj", "{3168A58D-5841-438C-90ED-D897019569F4}"
EndProject
Project("{2150E333-8FDC-42A3-9474-1A3956D46DE8}") = "Framework", "Framework", "{61A81057-835D-42B2-978A-24168C77BBFD}"
EndProject
Project("{9A19103F-16F7-4668-BE54-9A1E7A4F7556}") = "Auction.Infrastructure.Config", "Auction.Infrastructure.Config\Auction.Infrastructure.Config.csproj", "{ADDCC445-060A-48F9-BD01-D7DBD4AD6CC6}"
EndProject
Project("{9A19103F-16F7-4668-BE54-9A1E7A4F7556}") = "Framework.Persistence.ES", "Framework.Persistence.ES\Framework.Persistence.ES.csproj", "{C7C6415B-D7F8-466A-B77E-BE75EA629DBF}"
EndProject
Project("{E53339B2-1760-4266-BCC7-CA923CBCF16C}") = "docker-compose", "docker-compose.dcproj", "{73A6ED25-957B-41AD-AA6A-0CC21F5063FB}"
EndProject
Project("{2150E333-8FDC-42A3-9474-1A3956D46DE8}") = "Auction", "Auction", "{BCF9E7C5-16FA-492B-A11C-82F8FAA352AA}"
EndProject
Project("{2150E333-8FDC-42A3-9474-1A3956D46DE8}") = "Projections", "Projections", "{8DE77332-A842-443C-A9F8-D8B121B8CAF1}"
EndProject
Project("{9A19103F-16F7-4668-BE54-9A1E7A4F7556}") = "Auction.Domain.Contracts", "Auction.Domain.Contracts\Auction.Domain.Contracts.csproj", "{172E593F-9E80-49F7-BCF7-C0F1FC5B3E89}"
EndProject
Project("{FAE04EC0-301F-11D3-BF4B-00C04F79EFBC}") = "Auction.Projections.TestProjection", "..\Auction.Projections.TestProjection\Auction.Projections.TestProjection.csproj", "{3EC8E200-53D7-4E73-B8ED-5134492D3694}"
EndProject
Global
	GlobalSection(SolutionConfigurationPlatforms) = preSolution
		Debug|Any CPU = Debug|Any CPU
		Release|Any CPU = Release|Any CPU
	EndGlobalSection
	GlobalSection(ProjectConfigurationPlatforms) = postSolution
		{B8DC05D5-BEF5-4BAE-A0F8-A4341A00A16E}.Debug|Any CPU.ActiveCfg = Debug|Any CPU
		{B8DC05D5-BEF5-4BAE-A0F8-A4341A00A16E}.Debug|Any CPU.Build.0 = Debug|Any CPU
		{B8DC05D5-BEF5-4BAE-A0F8-A4341A00A16E}.Release|Any CPU.ActiveCfg = Release|Any CPU
		{B8DC05D5-BEF5-4BAE-A0F8-A4341A00A16E}.Release|Any CPU.Build.0 = Release|Any CPU
		{2A30DF33-2C72-469C-8D48-B22AA6A3FCDA}.Debug|Any CPU.ActiveCfg = Debug|Any CPU
		{2A30DF33-2C72-469C-8D48-B22AA6A3FCDA}.Debug|Any CPU.Build.0 = Debug|Any CPU
		{2A30DF33-2C72-469C-8D48-B22AA6A3FCDA}.Release|Any CPU.ActiveCfg = Release|Any CPU
		{2A30DF33-2C72-469C-8D48-B22AA6A3FCDA}.Release|Any CPU.Build.0 = Release|Any CPU
		{3FE36F87-C68B-451A-AD5D-4ECFA5F5CA5B}.Debug|Any CPU.ActiveCfg = Debug|Any CPU
		{3FE36F87-C68B-451A-AD5D-4ECFA5F5CA5B}.Debug|Any CPU.Build.0 = Debug|Any CPU
		{3FE36F87-C68B-451A-AD5D-4ECFA5F5CA5B}.Release|Any CPU.ActiveCfg = Release|Any CPU
		{3FE36F87-C68B-451A-AD5D-4ECFA5F5CA5B}.Release|Any CPU.Build.0 = Release|Any CPU
		{25A75F0C-5034-4B77-9D67-74870ADC3533}.Debug|Any CPU.ActiveCfg = Debug|Any CPU
		{25A75F0C-5034-4B77-9D67-74870ADC3533}.Debug|Any CPU.Build.0 = Debug|Any CPU
		{25A75F0C-5034-4B77-9D67-74870ADC3533}.Release|Any CPU.ActiveCfg = Release|Any CPU
		{25A75F0C-5034-4B77-9D67-74870ADC3533}.Release|Any CPU.Build.0 = Release|Any CPU
		{BACDA2C5-0A0A-4822-B982-AEDE0E28AF28}.Debug|Any CPU.ActiveCfg = Debug|Any CPU
		{BACDA2C5-0A0A-4822-B982-AEDE0E28AF28}.Debug|Any CPU.Build.0 = Debug|Any CPU
		{BACDA2C5-0A0A-4822-B982-AEDE0E28AF28}.Release|Any CPU.ActiveCfg = Release|Any CPU
		{BACDA2C5-0A0A-4822-B982-AEDE0E28AF28}.Release|Any CPU.Build.0 = Release|Any CPU
		{01C1F75E-6A9E-4D82-9F2C-65DB21970ECD}.Debug|Any CPU.ActiveCfg = Debug|Any CPU
		{01C1F75E-6A9E-4D82-9F2C-65DB21970ECD}.Debug|Any CPU.Build.0 = Debug|Any CPU
		{01C1F75E-6A9E-4D82-9F2C-65DB21970ECD}.Release|Any CPU.ActiveCfg = Release|Any CPU
		{01C1F75E-6A9E-4D82-9F2C-65DB21970ECD}.Release|Any CPU.Build.0 = Release|Any CPU
		{1E1F17ED-6238-4B93-A409-C405F77EFE04}.Debug|Any CPU.ActiveCfg = Debug|Any CPU
		{1E1F17ED-6238-4B93-A409-C405F77EFE04}.Debug|Any CPU.Build.0 = Debug|Any CPU
		{1E1F17ED-6238-4B93-A409-C405F77EFE04}.Release|Any CPU.ActiveCfg = Release|Any CPU
		{1E1F17ED-6238-4B93-A409-C405F77EFE04}.Release|Any CPU.Build.0 = Release|Any CPU
		{B0DF0F13-095A-4338-AC80-A692064AF1A5}.Debug|Any CPU.ActiveCfg = Debug|Any CPU
		{B0DF0F13-095A-4338-AC80-A692064AF1A5}.Debug|Any CPU.Build.0 = Debug|Any CPU
		{B0DF0F13-095A-4338-AC80-A692064AF1A5}.Release|Any CPU.ActiveCfg = Release|Any CPU
		{B0DF0F13-095A-4338-AC80-A692064AF1A5}.Release|Any CPU.Build.0 = Release|Any CPU
		{07745782-6C8E-45F2-A6DD-19BC25D77E76}.Debug|Any CPU.ActiveCfg = Debug|Any CPU
		{07745782-6C8E-45F2-A6DD-19BC25D77E76}.Debug|Any CPU.Build.0 = Debug|Any CPU
		{07745782-6C8E-45F2-A6DD-19BC25D77E76}.Release|Any CPU.ActiveCfg = Release|Any CPU
		{07745782-6C8E-45F2-A6DD-19BC25D77E76}.Release|Any CPU.Build.0 = Release|Any CPU
		{3168A58D-5841-438C-90ED-D897019569F4}.Debug|Any CPU.ActiveCfg = Debug|Any CPU
		{3168A58D-5841-438C-90ED-D897019569F4}.Debug|Any CPU.Build.0 = Debug|Any CPU
		{3168A58D-5841-438C-90ED-D897019569F4}.Release|Any CPU.ActiveCfg = Release|Any CPU
		{3168A58D-5841-438C-90ED-D897019569F4}.Release|Any CPU.Build.0 = Release|Any CPU
		{ADDCC445-060A-48F9-BD01-D7DBD4AD6CC6}.Debug|Any CPU.ActiveCfg = Debug|Any CPU
		{ADDCC445-060A-48F9-BD01-D7DBD4AD6CC6}.Debug|Any CPU.Build.0 = Debug|Any CPU
		{ADDCC445-060A-48F9-BD01-D7DBD4AD6CC6}.Release|Any CPU.ActiveCfg = Release|Any CPU
		{ADDCC445-060A-48F9-BD01-D7DBD4AD6CC6}.Release|Any CPU.Build.0 = Release|Any CPU
		{C7C6415B-D7F8-466A-B77E-BE75EA629DBF}.Debug|Any CPU.ActiveCfg = Debug|Any CPU
		{C7C6415B-D7F8-466A-B77E-BE75EA629DBF}.Debug|Any CPU.Build.0 = Debug|Any CPU
		{C7C6415B-D7F8-466A-B77E-BE75EA629DBF}.Release|Any CPU.ActiveCfg = Release|Any CPU
		{C7C6415B-D7F8-466A-B77E-BE75EA629DBF}.Release|Any CPU.Build.0 = Release|Any CPU
		{73A6ED25-957B-41AD-AA6A-0CC21F5063FB}.Debug|Any CPU.ActiveCfg = Debug|Any CPU
		{73A6ED25-957B-41AD-AA6A-0CC21F5063FB}.Debug|Any CPU.Build.0 = Debug|Any CPU
		{73A6ED25-957B-41AD-AA6A-0CC21F5063FB}.Release|Any CPU.ActiveCfg = Release|Any CPU
		{73A6ED25-957B-41AD-AA6A-0CC21F5063FB}.Release|Any CPU.Build.0 = Release|Any CPU
		{172E593F-9E80-49F7-BCF7-C0F1FC5B3E89}.Debug|Any CPU.ActiveCfg = Debug|Any CPU
		{172E593F-9E80-49F7-BCF7-C0F1FC5B3E89}.Debug|Any CPU.Build.0 = Debug|Any CPU
		{172E593F-9E80-49F7-BCF7-C0F1FC5B3E89}.Release|Any CPU.ActiveCfg = Release|Any CPU
		{172E593F-9E80-49F7-BCF7-C0F1FC5B3E89}.Release|Any CPU.Build.0 = Release|Any CPU
		{3EC8E200-53D7-4E73-B8ED-5134492D3694}.Debug|Any CPU.ActiveCfg = Debug|Any CPU
		{3EC8E200-53D7-4E73-B8ED-5134492D3694}.Debug|Any CPU.Build.0 = Debug|Any CPU
		{3EC8E200-53D7-4E73-B8ED-5134492D3694}.Release|Any CPU.ActiveCfg = Release|Any CPU
		{3EC8E200-53D7-4E73-B8ED-5134492D3694}.Release|Any CPU.Build.0 = Release|Any CPU
	EndGlobalSection
	GlobalSection(SolutionProperties) = preSolution
		HideSolutionNode = FALSE
	EndGlobalSection
	GlobalSection(NestedProjects) = preSolution
		{B8DC05D5-BEF5-4BAE-A0F8-A4341A00A16E} = {BCF9E7C5-16FA-492B-A11C-82F8FAA352AA}
		{2A30DF33-2C72-469C-8D48-B22AA6A3FCDA} = {61A81057-835D-42B2-978A-24168C77BBFD}
		{3FE36F87-C68B-451A-AD5D-4ECFA5F5CA5B} = {61A81057-835D-42B2-978A-24168C77BBFD}
		{25A75F0C-5034-4B77-9D67-74870ADC3533} = {61A81057-835D-42B2-978A-24168C77BBFD}
		{BACDA2C5-0A0A-4822-B982-AEDE0E28AF28} = {61A81057-835D-42B2-978A-24168C77BBFD}
		{01C1F75E-6A9E-4D82-9F2C-65DB21970ECD} = {61A81057-835D-42B2-978A-24168C77BBFD}
		{1E1F17ED-6238-4B93-A409-C405F77EFE04} = {77A58607-FB61-49C2-A1A2-0767213B3DC6}
		{B0DF0F13-095A-4338-AC80-A692064AF1A5} = {5DAEEB76-5F8A-4D93-842D-7BC365241658}
		{07745782-6C8E-45F2-A6DD-19BC25D77E76} = {5DAEEB76-5F8A-4D93-842D-7BC365241658}
		{77A58607-FB61-49C2-A1A2-0767213B3DC6} = {BCF9E7C5-16FA-492B-A11C-82F8FAA352AA}
		{5DAEEB76-5F8A-4D93-842D-7BC365241658} = {BCF9E7C5-16FA-492B-A11C-82F8FAA352AA}
		{DC0B07C5-98CE-492A-B0E7-1A9F4832F593} = {BCF9E7C5-16FA-492B-A11C-82F8FAA352AA}
		{3168A58D-5841-438C-90ED-D897019569F4} = {DC0B07C5-98CE-492A-B0E7-1A9F4832F593}
		{ADDCC445-060A-48F9-BD01-D7DBD4AD6CC6} = {DC0B07C5-98CE-492A-B0E7-1A9F4832F593}
		{C7C6415B-D7F8-466A-B77E-BE75EA629DBF} = {61A81057-835D-42B2-978A-24168C77BBFD}
		{8DE77332-A842-443C-A9F8-D8B121B8CAF1} = {BCF9E7C5-16FA-492B-A11C-82F8FAA352AA}
		{172E593F-9E80-49F7-BCF7-C0F1FC5B3E89} = {77A58607-FB61-49C2-A1A2-0767213B3DC6}
		{3EC8E200-53D7-4E73-B8ED-5134492D3694} = {8DE77332-A842-443C-A9F8-D8B121B8CAF1}
	EndGlobalSection
	GlobalSection(ExtensibilityGlobals) = postSolution
		SolutionGuid = {EF09F083-B545-41F2-B41A-345BF466F8F9}
	EndGlobalSection
EndGlobal
